
Microsoft Visual Studio Solution File, Format Version 12.00
# Visual Studio Version 17
VisualStudioVersion = 17.10.35122.118
MinimumVisualStudioVersion = 10.0.40219.1
Project("{9A19103F-16F7-4668-BE54-9A1E7A4F7556}") = "SchoolConnect_WebAPI", "SchoolConnect_WebAPI.csproj", "{6C87F068-702B-4D3B-A5DD-EAC1D923E13F}"
EndProject
Project("{9A19103F-16F7-4668-BE54-9A1E7A4F7556}") = "SchoolConnect_DomainLayer", "..\SchoolConnect_DomainLayer\SchoolConnect_DomainLayer.csproj", "{C79390AB-C36C-400E-8F6A-0E05D065A72B}"
EndProject
Project("{9A19103F-16F7-4668-BE54-9A1E7A4F7556}") = "SchoolConnect_RepositoryLayer", "..\SchoolConnect_RepositoryLayer\SchoolConnect_RepositoryLayer.csproj", "{8960FA26-AFA1-4BDE-9701-70BA1EE08720}"
EndProject
Project("{FAE04EC0-301F-11D3-BF4B-00C04F79EFBC}") = "SchoolConnect_ServiceLayer", "..\SchoolConnect_ServiceLayer\SchoolConnect_ServiceLayer.csproj", "{FFBFC0B0-C521-4A57-8D4B-DAF40AC5A600}"
EndProject
Project("{FAE04EC0-301F-11D3-BF4B-00C04F79EFBC}") = "SchoolConnect_Web_App", "..\SchoolConnect_Web_App\SchoolConnect_Web_App.csproj", "{9EFA8890-5DB8-4CFE-BF86-A62EE59959AF}"
EndProject
Global
	GlobalSection(SolutionConfigurationPlatforms) = preSolution
		Debug|Any CPU = Debug|Any CPU
		Release|Any CPU = Release|Any CPU
	EndGlobalSection
	GlobalSection(ProjectConfigurationPlatforms) = postSolution
		{6C87F068-702B-4D3B-A5DD-EAC1D923E13F}.Debug|Any CPU.ActiveCfg = Debug|Any CPU
		{6C87F068-702B-4D3B-A5DD-EAC1D923E13F}.Debug|Any CPU.Build.0 = Debug|Any CPU
		{6C87F068-702B-4D3B-A5DD-EAC1D923E13F}.Release|Any CPU.ActiveCfg = Release|Any CPU
		{6C87F068-702B-4D3B-A5DD-EAC1D923E13F}.Release|Any CPU.Build.0 = Release|Any CPU
		{C79390AB-C36C-400E-8F6A-0E05D065A72B}.Debug|Any CPU.ActiveCfg = Debug|Any CPU
		{C79390AB-C36C-400E-8F6A-0E05D065A72B}.Debug|Any CPU.Build.0 = Debug|Any CPU
		{C79390AB-C36C-400E-8F6A-0E05D065A72B}.Release|Any CPU.ActiveCfg = Release|Any CPU
		{C79390AB-C36C-400E-8F6A-0E05D065A72B}.Release|Any CPU.Build.0 = Release|Any CPU
		{8960FA26-AFA1-4BDE-9701-70BA1EE08720}.Debug|Any CPU.ActiveCfg = Debug|Any CPU
		{8960FA26-AFA1-4BDE-9701-70BA1EE08720}.Debug|Any CPU.Build.0 = Debug|Any CPU
		{8960FA26-AFA1-4BDE-9701-70BA1EE08720}.Release|Any CPU.ActiveCfg = Release|Any CPU
		{8960FA26-AFA1-4BDE-9701-70BA1EE08720}.Release|Any CPU.Build.0 = Release|Any CPU
		{FFBFC0B0-C521-4A57-8D4B-DAF40AC5A600}.Debug|Any CPU.ActiveCfg = Debug|Any CPU
		{FFBFC0B0-C521-4A57-8D4B-DAF40AC5A600}.Debug|Any CPU.Build.0 = Debug|Any CPU
		{FFBFC0B0-C521-4A57-8D4B-DAF40AC5A600}.Release|Any CPU.ActiveCfg = Release|Any CPU
		{FFBFC0B0-C521-4A57-8D4B-DAF40AC5A600}.Release|Any CPU.Build.0 = Release|Any CPU
		{9EFA8890-5DB8-4CFE-BF86-A62EE59959AF}.Debug|Any CPU.ActiveCfg = Debug|Any CPU
		{9EFA8890-5DB8-4CFE-BF86-A62EE59959AF}.Debug|Any CPU.Build.0 = Debug|Any CPU
		{9EFA8890-5DB8-4CFE-BF86-A62EE59959AF}.Release|Any CPU.ActiveCfg = Release|Any CPU
		{9EFA8890-5DB8-4CFE-BF86-A62EE59959AF}.Release|Any CPU.Build.0 = Release|Any CPU
	EndGlobalSection
	GlobalSection(SolutionProperties) = preSolution
		HideSolutionNode = FALSE
	EndGlobalSection
	GlobalSection(ExtensibilityGlobals) = postSolution
		SolutionGuid = {353B70C1-9E32-4E85-B481-1A857267B71A}
	EndGlobalSection
EndGlobal
